
Microsoft Visual Studio Solution File, Format Version 12.00
# Visual Studio 15
VisualStudioVersion = 15.0.28010.2016
MinimumVisualStudioVersion = 10.0.40219.1
Project("{888888A0-9F3D-457C-B088-3A5042F75D52}") = "dapm", "dapm.pyproj", "{95387AA8-5BC7-41AD-89D1-E58E0F6166A0}"
EndProject
Global
	GlobalSection(SolutionConfigurationPlatforms) = preSolution
		Debug|Any CPU = Debug|Any CPU
		Release|Any CPU = Release|Any CPU
	EndGlobalSection
	GlobalSection(ProjectConfigurationPlatforms) = postSolution
		{95387AA8-5BC7-41AD-89D1-E58E0F6166A0}.Debug|Any CPU.ActiveCfg = Debug|Any CPU
		{95387AA8-5BC7-41AD-89D1-E58E0F6166A0}.Release|Any CPU.ActiveCfg = Release|Any CPU
	EndGlobalSection
	GlobalSection(SolutionProperties) = preSolution
		HideSolutionNode = FALSE
	EndGlobalSection
	GlobalSection(ExtensibilityGlobals) = postSolution
		SolutionGuid = {6F5FD9EE-F4EE-47F5-BD37-A51003B86700}
	EndGlobalSection
EndGlobal
